
Microsoft Visual Studio Solution File, Format Version 12.00
# Visual Studio Version 17
VisualStudioVersion = 17.3.32929.385
MinimumVisualStudioVersion = 10.0.40219.1
Project("{FAE04EC0-301F-11D3-BF4B-00C04F79EFBC}") = "AttractionZero", "AttractionZero.csproj", "{63024224-7D7C-4A38-9D18-7FE716C16C00}"
EndProject
Global
	GlobalSection(SolutionConfigurationPlatforms) = preSolution
		Debug|Any CPU = Debug|Any CPU
		Release|Any CPU = Release|Any CPU
	EndGlobalSection
	GlobalSection(ProjectConfigurationPlatforms) = postSolution
		{63024224-7D7C-4A38-9D18-7FE716C16C00}.Debug|Any CPU.ActiveCfg = Debug|Any CPU
		{63024224-7D7C-4A38-9D18-7FE716C16C00}.Debug|Any CPU.Build.0 = Debug|Any CPU
		{63024224-7D7C-4A38-9D18-7FE716C16C00}.Release|Any CPU.ActiveCfg = Release|Any CPU
		{63024224-7D7C-4A38-9D18-7FE716C16C00}.Release|Any CPU.Build.0 = Release|Any CPU
	EndGlobalSection
	GlobalSection(SolutionProperties) = preSolution
		HideSolutionNode = FALSE
	EndGlobalSection
	GlobalSection(ExtensibilityGlobals) = postSolution
		SolutionGuid = {3059D5E0-B861-48C5-852A-27C91A800DC9}
	EndGlobalSection
EndGlobal
